// !$*UTF8*$!
{
	archiveVersion = 1;
	classes = {
	};
	objectVersion = 55;
	objects = {

/* Begin PBXBuildFile section */
		854968892887D3CB00CCC8BD /* AppDelegate.swift in Sources */ = {isa = PBXBuildFile; fileRef = 854968882887D3CB00CCC8BD /* AppDelegate.swift */; };
		8549688B2887D3CB00CCC8BD /* SceneDelegate.swift in Sources */ = {isa = PBXBuildFile; fileRef = 8549688A2887D3CB00CCC8BD /* SceneDelegate.swift */; };
		854968902887D3CB00CCC8BD /* Main.storyboard in Resources */ = {isa = PBXBuildFile; fileRef = 8549688E2887D3CB00CCC8BD /* Main.storyboard */; };
		854968922887D3CC00CCC8BD /* Assets.xcassets in Resources */ = {isa = PBXBuildFile; fileRef = 854968912887D3CC00CCC8BD /* Assets.xcassets */; };
		854968952887D3CC00CCC8BD /* LaunchScreen.storyboard in Resources */ = {isa = PBXBuildFile; fileRef = 854968932887D3CC00CCC8BD /* LaunchScreen.storyboard */; };
		8549689D2887D44000CCC8BD /* BookCollectionViewCell.swift in Sources */ = {isa = PBXBuildFile; fileRef = 8549689C2887D44000CCC8BD /* BookCollectionViewCell.swift */; };
		8549689F2887D46C00CCC8BD /* BookCollectionViewController.swift in Sources */ = {isa = PBXBuildFile; fileRef = 8549689E2887D46B00CCC8BD /* BookCollectionViewController.swift */; };
		854968A22887D91700CCC8BD /* Kingfisher in Frameworks */ = {isa = PBXBuildFile; productRef = 854968A12887D91700CCC8BD /* Kingfisher */; };
		854968A4288807EA00CCC8BD /* BookData.swift in Sources */ = {isa = PBXBuildFile; fileRef = 854968A3288807EA00CCC8BD /* BookData.swift */; };
		854968A62888093300CCC8BD /* Book.swift in Sources */ = {isa = PBXBuildFile; fileRef = 854968A52888093300CCC8BD /* Book.swift */; };
/* End PBXBuildFile section */

/* Begin PBXFileReference section */
		854968852887D3CB00CCC8BD /* BookManager.app */ = {isa = PBXFileReference; explicitFileType = wrapper.application; includeInIndex = 0; path = BookManager.app; sourceTree = BUILT_PRODUCTS_DIR; };
		854968882887D3CB00CCC8BD /* AppDelegate.swift */ = {isa = PBXFileReference; lastKnownFileType = sourcecode.swift; path = AppDelegate.swift; sourceTree = "<group>"; };
		8549688A2887D3CB00CCC8BD /* SceneDelegate.swift */ = {isa = PBXFileReference; lastKnownFileType = sourcecode.swift; path = SceneDelegate.swift; sourceTree = "<group>"; };
		8549688F2887D3CB00CCC8BD /* Base */ = {isa = PBXFileReference; lastKnownFileType = file.storyboard; name = Base; path = Base.lproj/Main.storyboard; sourceTree = "<group>"; };
		854968912887D3CC00CCC8BD /* Assets.xcassets */ = {isa = PBXFileReference; lastKnownFileType = folder.assetcatalog; path = Assets.xcassets; sourceTree = "<group>"; };
		854968942887D3CC00CCC8BD /* Base */ = {isa = PBXFileReference; lastKnownFileType = file.storyboard; name = Base; path = Base.lproj/LaunchScreen.storyboard; sourceTree = "<group>"; };
		854968962887D3CC00CCC8BD /* Info.plist */ = {isa = PBXFileReference; lastKnownFileType = text.plist.xml; path = Info.plist; sourceTree = "<group>"; };
		8549689C2887D44000CCC8BD /* BookCollectionViewCell.swift */ = {isa = PBXFileReference; lastKnownFileType = sourcecode.swift; path = BookCollectionViewCell.swift; sourceTree = "<group>"; };
		8549689E2887D46B00CCC8BD /* BookCollectionViewController.swift */ = {isa = PBXFileReference; lastKnownFileType = sourcecode.swift; path = BookCollectionViewController.swift; sourceTree = "<group>"; };
		854968A3288807EA00CCC8BD /* BookData.swift */ = {isa = PBXFileReference; lastKnownFileType = sourcecode.swift; path = BookData.swift; sourceTree = "<group>"; };
		854968A52888093300CCC8BD /* Book.swift */ = {isa = PBXFileReference; lastKnownFileType = sourcecode.swift; path = Book.swift; sourceTree = "<group>"; };
/* End PBXFileReference section */

/* Begin PBXFrameworksBuildPhase section */
		854968822887D3CB00CCC8BD /* Frameworks */ = {
			isa = PBXFrameworksBuildPhase;
			buildActionMask = 2147483647;
			files = (
				854968A22887D91700CCC8BD /* Kingfisher in Frameworks */,
			);
			runOnlyForDeploymentPostprocessing = 0;
		};
/* End PBXFrameworksBuildPhase section */

/* Begin PBXGroup section */
		8549687C2887D3CB00CCC8BD = {
			isa = PBXGroup;
			children = (
				854968872887D3CB00CCC8BD /* BookManager */,
				854968862887D3CB00CCC8BD /* Products */,
			);
			sourceTree = "<group>";
		};
		854968862887D3CB00CCC8BD /* Products */ = {
			isa = PBXGroup;
			children = (
				854968852887D3CB00CCC8BD /* BookManager.app */,
			);
			name = Products;
			sourceTree = "<group>";
		};
		854968872887D3CB00CCC8BD /* BookManager */ = {
			isa = PBXGroup;
			children = (
				854968882887D3CB00CCC8BD /* AppDelegate.swift */,
				8549688A2887D3CB00CCC8BD /* SceneDelegate.swift */,
				8549688E2887D3CB00CCC8BD /* Main.storyboard */,
				8549689C2887D44000CCC8BD /* BookCollectionViewCell.swift */,
				8549689E2887D46B00CCC8BD /* BookCollectionViewController.swift */,
				854968A3288807EA00CCC8BD /* BookData.swift */,
				854968A52888093300CCC8BD /* Book.swift */,
				854968912887D3CC00CCC8BD /* Assets.xcassets */,
				854968932887D3CC00CCC8BD /* LaunchScreen.storyboard */,
				854968962887D3CC00CCC8BD /* Info.plist */,
			);
			path = BookManager;
			sourceTree = "<group>";
		};
/* End PBXGroup section */

/* Begin PBXNativeTarget section */
		854968842887D3CB00CCC8BD /* BookManager */ = {
			isa = PBXNativeTarget;
			buildConfigurationList = 854968992887D3CC00CCC8BD /* Build configuration list for PBXNativeTarget "BookManager" */;
			buildPhases = (
				854968812887D3CB00CCC8BD /* Sources */,
				854968822887D3CB00CCC8BD /* Frameworks */,
				854968832887D3CB00CCC8BD /* Resources */,
			);
			buildRules = (
			);
			dependencies = (
			);
			name = BookManager;
			packageProductDependencies = (
				854968A12887D91700CCC8BD /* Kingfisher */,
			);
			productName = BookManager;
			productReference = 854968852887D3CB00CCC8BD /* BookManager.app */;
			productType = "com.apple.product-type.application";
		};
/* End PBXNativeTarget section */

/* Begin PBXProject section */
		8549687D2887D3CB00CCC8BD /* Project object */ = {
			isa = PBXProject;
			attributes = {
				BuildIndependentTargetsInParallel = 1;
				LastSwiftUpdateCheck = 1340;
				LastUpgradeCheck = 1340;
				TargetAttributes = {
					854968842887D3CB00CCC8BD = {
						CreatedOnToolsVersion = 13.4.1;
					};
				};
			};
			buildConfigurationList = 854968802887D3CB00CCC8BD /* Build configuration list for PBXProject "BookManager" */;
			compatibilityVersion = "Xcode 13.0";
			developmentRegion = en;
			hasScannedForEncodings = 0;
			knownRegions = (
				en,
				Base,
			);
			mainGroup = 8549687C2887D3CB00CCC8BD;
			packageReferences = (
				854968A02887D91700CCC8BD /* XCRemoteSwiftPackageReference "Kingfisher" */,
			);
			productRefGroup = 854968862887D3CB00CCC8BD /* Products */;
			projectDirPath = "";
			projectRoot = "";
			targets = (
				854968842887D3CB00CCC8BD /* BookManager */,
			);
		};
/* End PBXProject section */

/* Begin PBXResourcesBuildPhase section */
		854968832887D3CB00CCC8BD /* Resources */ = {
			isa = PBXResourcesBuildPhase;
			buildActionMask = 2147483647;
			files = (
				854968952887D3CC00CCC8BD /* LaunchScreen.storyboard in Resources */,
				854968922887D3CC00CCC8BD /* Assets.xcassets in Resources */,
				854968902887D3CB00CCC8BD /* Main.storyboard in Resources */,
			);
			runOnlyForDeploymentPostprocessing = 0;
		};
/* End PBXResourcesBuildPhase section */

/* Begin PBXSourcesBuildPhase section */
		854968812887D3CB00CCC8BD /* Sources */ = {
			isa = PBXSourcesBuildPhase;
			buildActionMask = 2147483647;
			files = (
				854968A4288807EA00CCC8BD /* BookData.swift in Sources */,
				8549689D2887D44000CCC8BD /* BookCollectionViewCell.swift in Sources */,
				854968A62888093300CCC8BD /* Book.swift in Sources */,
				854968892887D3CB00CCC8BD /* AppDelegate.swift in Sources */,
				8549688B2887D3CB00CCC8BD /* SceneDelegate.swift in Sources */,
				8549689F2887D46C00CCC8BD /* BookCollectionViewController.swift in Sources */,
			);
			runOnlyForDeploymentPostprocessing = 0;
		};
/* End PBXSourcesBuildPhase section */

/* Begin PBXVariantGroup section */
		8549688E2887D3CB00CCC8BD /* Main.storyboard */ = {
			isa = PBXVariantGroup;
			children = (
				8549688F2887D3CB00CCC8BD /* Base */,
			);
			name = Main.storyboard;
			sourceTree = "<group>";
		};
		854968932887D3CC00CCC8BD /* LaunchScreen.storyboard */ = {
			isa = PBXVariantGroup;
			children = (
				854968942887D3CC00CCC8BD /* Base */,
			);
			name = LaunchScreen.storyboard;
			sourceTree = "<group>";
		};
/* End PBXVariantGroup section */

/* Begin XCBuildConfiguration section */
		854968972887D3CC00CCC8BD /* Debug */ = {
			isa = XCBuildConfiguration;
			buildSettings = {
				ALWAYS_SEARCH_USER_PATHS = NO;
				CLANG_ANALYZER_NONNULL = YES;
				CLANG_ANALYZER_NUMBER_OBJECT_CONVERSION = YES_AGGRESSIVE;
				CLANG_CXX_LANGUAGE_STANDARD = "gnu++17";
				CLANG_ENABLE_MODULES = YES;
				CLANG_ENABLE_OBJC_ARC = YES;
				CLANG_ENABLE_OBJC_WEAK = YES;
				CLANG_WARN_BLOCK_CAPTURE_AUTORELEASING = YES;
				CLANG_WARN_BOOL_CONVERSION = YES;
				CLANG_WARN_COMMA = YES;
				CLANG_WARN_CONSTANT_CONVERSION = YES;
				CLANG_WARN_DEPRECATED_OBJC_IMPLEMENTATIONS = YES;
				CLANG_WARN_DIRECT_OBJC_ISA_USAGE = YES_ERROR;
				CLANG_WARN_DOCUMENTATION_COMMENTS = YES;
				CLANG_WARN_EMPTY_BODY = YES;
				CLANG_WARN_ENUM_CONVERSION = YES;
				CLANG_WARN_INFINITE_RECURSION = YES;
				CLANG_WARN_INT_CONVERSION = YES;
				CLANG_WARN_NON_LITERAL_NULL_CONVERSION = YES;
				CLANG_WARN_OBJC_IMPLICIT_RETAIN_SELF = YES;
				CLANG_WARN_OBJC_LITERAL_CONVERSION = YES;
				CLANG_WARN_OBJC_ROOT_CLASS = YES_ERROR;
				CLANG_WARN_QUOTED_INCLUDE_IN_FRAMEWORK_HEADER = YES;
				CLANG_WARN_RANGE_LOOP_ANALYSIS = YES;
				CLANG_WARN_STRICT_PROTOTYPES = YES;
				CLANG_WARN_SUSPICIOUS_MOVE = YES;
				CLANG_WARN_UNGUARDED_AVAILABILITY = YES_AGGRESSIVE;
				CLANG_WARN_UNREACHABLE_CODE = YES;
				CLANG_WARN__DUPLICATE_METHOD_MATCH = YES;
				COPY_PHASE_STRIP = NO;
				DEBUG_INFORMATION_FORMAT = dwarf;
				ENABLE_STRICT_OBJC_MSGSEND = YES;
				ENABLE_TESTABILITY = YES;
				GCC_C_LANGUAGE_STANDARD = gnu11;
				GCC_DYNAMIC_NO_PIC = NO;
				GCC_NO_COMMON_BLOCKS = YES;
				GCC_OPTIMIZATION_LEVEL = 0;
				GCC_PREPROCESSOR_DEFINITIONS = (
					"DEBUG=1",
					"$(inherited)",
				);
				GCC_WARN_64_TO_32_BIT_CONVERSION = YES;
				GCC_WARN_ABOUT_RETURN_TYPE = YES_ERROR;
				GCC_WARN_UNDECLARED_SELECTOR = YES;
				GCC_WARN_UNINITIALIZED_AUTOS = YES_AGGRESSIVE;
				GCC_WARN_UNUSED_FUNCTION = YES;
				GCC_WARN_UNUSED_VARIABLE = YES;
				IPHONEOS_DEPLOYMENT_TARGET = 15.5;
				MTL_ENABLE_DEBUG_INFO = INCLUDE_SOURCE;
				MTL_FAST_MATH = YES;
				ONLY_ACTIVE_ARCH = YES;
				SDKROOT = iphoneos;
				SWIFT_ACTIVE_COMPILATION_CONDITIONS = DEBUG;
				SWIFT_OPTIMIZATION_LEVEL = "-Onone";
			};
			name = Debug;
		};
		854968982887D3CC00CCC8BD /* Release */ = {
			isa = XCBuildConfiguration;
			buildSettings = {
				ALWAYS_SEARCH_USER_PATHS = NO;
				CLANG_ANALYZER_NONNULL = YES;
				CLANG_ANALYZER_NUMBER_OBJECT_CONVERSION = YES_AGGRESSIVE;
				CLANG_CXX_LANGUAGE_STANDARD = "gnu++17";
				CLANG_ENABLE_MODULES = YES;
				CLANG_ENABLE_OBJC_ARC = YES;
				CLANG_ENABLE_OBJC_WEAK = YES;
				CLANG_WARN_BLOCK_CAPTURE_AUTORELEASING = YES;
				CLANG_WARN_BOOL_CONVERSION = YES;
				CLANG_WARN_COMMA = YES;
				CLANG_WARN_CONSTANT_CONVERSION = YES;
				CLANG_WARN_DEPRECATED_OBJC_IMPLEMENTATIONS = YES;
				CLANG_WARN_DIRECT_OBJC_ISA_USAGE = YES_ERROR;
				CLANG_WARN_DOCUMENTATION_COMMENTS = YES;
				CLANG_WARN_EMPTY_BODY = YES;
				CLANG_WARN_ENUM_CONVERSION = YES;
				CLANG_WARN_INFINITE_RECURSION = YES;
				CLANG_WARN_INT_CONVERSION = YES;
				CLANG_WARN_NON_LITERAL_NULL_CONVERSION = YES;
				CLANG_WARN_OBJC_IMPLICIT_RETAIN_SELF = YES;
				CLANG_WARN_OBJC_LITERAL_CONVERSION = YES;
				CLANG_WARN_OBJC_ROOT_CLASS = YES_ERROR;
				CLANG_WARN_QUOTED_INCLUDE_IN_FRAMEWORK_HEADER = YES;
				CLANG_WARN_RANGE_LOOP_ANALYSIS = YES;
				CLANG_WARN_STRICT_PROTOTYPES = YES;
				CLANG_WARN_SUSPICIOUS_MOVE = YES;
				CLANG_WARN_UNGUARDED_AVAILABILITY = YES_AGGRESSIVE;
				CLANG_WARN_UNREACHABLE_CODE = YES;
				CLANG_WARN__DUPLICATE_METHOD_MATCH = YES;
				COPY_PHASE_STRIP = NO;
				DEBUG_INFORMATION_FORMAT = "dwarf-with-dsym";
				ENABLE_NS_ASSERTIONS = NO;
				ENABLE_STRICT_OBJC_MSGSEND = YES;
				GCC_C_LANGUAGE_STANDARD = gnu11;
				GCC_NO_COMMON_BLOCKS = YES;
				GCC_WARN_64_TO_32_BIT_CONVERSION = YES;
				GCC_WARN_ABOUT_RETURN_TYPE = YES_ERROR;
				GCC_WARN_UNDECLARED_SELECTOR = YES;
				GCC_WARN_UNINITIALIZED_AUTOS = YES_AGGRESSIVE;
				GCC_WARN_UNUSED_FUNCTION = YES;
				GCC_WARN_UNUSED_VARIABLE = YES;
				IPHONEOS_DEPLOYMENT_TARGET = 15.5;
				MTL_ENABLE_DEBUG_INFO = NO;
				MTL_FAST_MATH = YES;
				SDKROOT = iphoneos;
				SWIFT_COMPILATION_MODE = wholemodule;
				SWIFT_OPTIMIZATION_LEVEL = "-O";
				VALIDATE_PRODUCT = YES;
			};
			name = Release;
		};
		8549689A2887D3CC00CCC8BD /* Debug */ = {
			isa = XCBuildConfiguration;
			buildSettings = {
				ASSETCATALOG_COMPILER_APPICON_NAME = AppIcon;
				ASSETCATALOG_COMPILER_GLOBAL_ACCENT_COLOR_NAME = AccentColor;
				CODE_SIGN_STYLE = Automatic;
				CURRENT_PROJECT_VERSION = 1;
				DEVELOPMENT_TEAM = 3K4KWAG7KD;
				GENERATE_INFOPLIST_FILE = YES;
				INFOPLIST_FILE = BookManager/Info.plist;
				INFOPLIST_KEY_UIApplicationSupportsIndirectInputEvents = YES;
				INFOPLIST_KEY_UILaunchStoryboardName = LaunchScreen;
				INFOPLIST_KEY_UIMainStoryboardFile = Main;
				INFOPLIST_KEY_UISupportedInterfaceOrientations_iPad = "UIInterfaceOrientationPortrait UIInterfaceOrientationPortraitUpsideDown UIInterfaceOrientationLandscapeLeft UIInterfaceOrientationLandscapeRight";
				INFOPLIST_KEY_UISupportedInterfaceOrientations_iPhone = "UIInterfaceOrientationPortrait UIInterfaceOrientationLandscapeLeft UIInterfaceOrientationLandscapeRight";
				IPHONEOS_DEPLOYMENT_TARGET = 14.0;
				LD_RUNPATH_SEARCH_PATHS = (
					"$(inherited)",
					"@executable_path/Frameworks",
				);
				MARKETING_VERSION = 1.0;
				PRODUCT_BUNDLE_IDENTIFIER = com.hano.trandmedia.BookManager;
				PRODUCT_NAME = "$(TARGET_NAME)";
				SWIFT_EMIT_LOC_STRINGS = YES;
				SWIFT_VERSION = 5.0;
				TARGETED_DEVICE_FAMILY = "1,2";
			};
			name = Debug;
		};
		8549689B2887D3CC00CCC8BD /* Release */ = {
			isa = XCBuildConfiguration;
			buildSettings = {
				ASSETCATALOG_COMPILER_APPICON_NAME = AppIcon;
				ASSETCATALOG_COMPILER_GLOBAL_ACCENT_COLOR_NAME = AccentColor;
				CODE_SIGN_STYLE = Automatic;
				CURRENT_PROJECT_VERSION = 1;
				DEVELOPMENT_TEAM = 3K4KWAG7KD;
				GENERATE_INFOPLIST_FILE = YES;
				INFOPLIST_FILE = BookManager/Info.plist;
				INFOPLIST_KEY_UIApplicationSupportsIndirectInputEvents = YES;
				INFOPLIST_KEY_UILaunchStoryboardName = LaunchScreen;
				INFOPLIST_KEY_UIMainStoryboardFile = Main;
				INFOPLIST_KEY_UISupportedInterfaceOrientations_iPad = "UIInterfaceOrientationPortrait UIInterfaceOrientationPortraitUpsideDown UIInterfaceOrientationLandscapeLeft UIInterfaceOrientationLandscapeRight";
				INFOPLIST_KEY_UISupportedInterfaceOrientations_iPhone = "UIInterfaceOrientationPortrait UIInterfaceOrientationLandscapeLeft UIInterfaceOrientationLandscapeRight";
				IPHONEOS_DEPLOYMENT_TARGET = 14.0;
				LD_RUNPATH_SEARCH_PATHS = (
					"$(inherited)",
					"@executable_path/Frameworks",
				);
				MARKETING_VERSION = 1.0;
				PRODUCT_BUNDLE_IDENTIFIER = com.hano.trandmedia.BookManager;
				PRODUCT_NAME = "$(TARGET_NAME)";
				SWIFT_EMIT_LOC_STRINGS = YES;
				SWIFT_VERSION = 5.0;
				TARGETED_DEVICE_FAMILY = "1,2";
			};
			name = Release;
		};
/* End XCBuildConfiguration section */

/* Begin XCConfigurationList section */
		854968802887D3CB00CCC8BD /* Build configuration list for PBXProject "BookManager" */ = {
			isa = XCConfigurationList;
			buildConfigurations = (
				854968972887D3CC00CCC8BD /* Debug */,
				854968982887D3CC00CCC8BD /* Release */,
			);
			defaultConfigurationIsVisible = 0;
			defaultConfigurationName = Release;
		};
		854968992887D3CC00CCC8BD /* Build configuration list for PBXNativeTarget "BookManager" */ = {
			isa = XCConfigurationList;
			buildConfigurations = (
				8549689A2887D3CC00CCC8BD /* Debug */,
				8549689B2887D3CC00CCC8BD /* Release */,
			);
			defaultConfigurationIsVisible = 0;
			defaultConfigurationName = Release;
		};
/* End XCConfigurationList section */

/* Begin XCRemoteSwiftPackageReference section */
		854968A02887D91700CCC8BD /* XCRemoteSwiftPackageReference "Kingfisher" */ = {
			isa = XCRemoteSwiftPackageReference;
			repositoryURL = "https://github.com/onevcat/Kingfisher.git";
			requirement = {
				kind = upToNextMajorVersion;
				minimumVersion = 7.0.0;
			};
		};
/* End XCRemoteSwiftPackageReference section */

/* Begin XCSwiftPackageProductDependency section */
		854968A12887D91700CCC8BD /* Kingfisher */ = {
			isa = XCSwiftPackageProductDependency;
			package = 854968A02887D91700CCC8BD /* XCRemoteSwiftPackageReference "Kingfisher" */;
			productName = Kingfisher;
		};
/* End XCSwiftPackageProductDependency section */
	};
	rootObject = 8549687D2887D3CB00CCC8BD /* Project object */;
}
